
Microsoft Visual Studio Solution File, Format Version 12.00
# Visual Studio Version 17
VisualStudioVersion = 17.2.32630.192
MinimumVisualStudioVersion = 10.0.40219.1
Project("{9A19103F-16F7-4668-BE54-9A1E7A4F7556}") = "SinemYoruc-Project", "SinemYoruc-Project\SinemYoruc-Project.csproj", "{408C5E9A-7757-474F-BF5C-222A0429FB51}"
EndProject
Project("{9A19103F-16F7-4668-BE54-9A1E7A4F7556}") = "SinemYoruc-Project.Base", "SinemYoruc-Project.Base\SinemYoruc-Project.Base.csproj", "{32E8C409-232F-4800-9DA0-1FA2FEB0A8F2}"
EndProject
Project("{9A19103F-16F7-4668-BE54-9A1E7A4F7556}") = "SinemYoruc-Project.Data", "SinemYoruc-Project.Data\SinemYoruc-Project.Data.csproj", "{44A35402-65AA-4EEE-9E32-6F529AE3B09C}"
EndProject
Project("{9A19103F-16F7-4668-BE54-9A1E7A4F7556}") = "SinemYoruc-Project.Dto", "SinemYoruc-Project.Dto\SinemYoruc-Project.Dto.csproj", "{06639CCF-AC98-453D-BEBB-880BA44EF85B}"
EndProject
Project("{9A19103F-16F7-4668-BE54-9A1E7A4F7556}") = "SinemYoruc-Project.Service", "SinemYoruc-Project.Service\SinemYoruc-Project.Service.csproj", "{4C484032-8144-460B-8EE6-4BC7B1525F0E}"
EndProject
Global
	GlobalSection(SolutionConfigurationPlatforms) = preSolution
		Debug|Any CPU = Debug|Any CPU
		Release|Any CPU = Release|Any CPU
	EndGlobalSection
	GlobalSection(ProjectConfigurationPlatforms) = postSolution
		{408C5E9A-7757-474F-BF5C-222A0429FB51}.Debug|Any CPU.ActiveCfg = Debug|Any CPU
		{408C5E9A-7757-474F-BF5C-222A0429FB51}.Debug|Any CPU.Build.0 = Debug|Any CPU
		{408C5E9A-7757-474F-BF5C-222A0429FB51}.Release|Any CPU.ActiveCfg = Release|Any CPU
		{408C5E9A-7757-474F-BF5C-222A0429FB51}.Release|Any CPU.Build.0 = Release|Any CPU
		{32E8C409-232F-4800-9DA0-1FA2FEB0A8F2}.Debug|Any CPU.ActiveCfg = Debug|Any CPU
		{32E8C409-232F-4800-9DA0-1FA2FEB0A8F2}.Debug|Any CPU.Build.0 = Debug|Any CPU
		{32E8C409-232F-4800-9DA0-1FA2FEB0A8F2}.Release|Any CPU.ActiveCfg = Release|Any CPU
		{32E8C409-232F-4800-9DA0-1FA2FEB0A8F2}.Release|Any CPU.Build.0 = Release|Any CPU
		{44A35402-65AA-4EEE-9E32-6F529AE3B09C}.Debug|Any CPU.ActiveCfg = Debug|Any CPU
		{44A35402-65AA-4EEE-9E32-6F529AE3B09C}.Debug|Any CPU.Build.0 = Debug|Any CPU
		{44A35402-65AA-4EEE-9E32-6F529AE3B09C}.Release|Any CPU.ActiveCfg = Release|Any CPU
		{44A35402-65AA-4EEE-9E32-6F529AE3B09C}.Release|Any CPU.Build.0 = Release|Any CPU
		{06639CCF-AC98-453D-BEBB-880BA44EF85B}.Debug|Any CPU.ActiveCfg = Debug|Any CPU
		{06639CCF-AC98-453D-BEBB-880BA44EF85B}.Debug|Any CPU.Build.0 = Debug|Any CPU
		{06639CCF-AC98-453D-BEBB-880BA44EF85B}.Release|Any CPU.ActiveCfg = Release|Any CPU
		{06639CCF-AC98-453D-BEBB-880BA44EF85B}.Release|Any CPU.Build.0 = Release|Any CPU
		{4C484032-8144-460B-8EE6-4BC7B1525F0E}.Debug|Any CPU.ActiveCfg = Debug|Any CPU
		{4C484032-8144-460B-8EE6-4BC7B1525F0E}.Debug|Any CPU.Build.0 = Debug|Any CPU
		{4C484032-8144-460B-8EE6-4BC7B1525F0E}.Release|Any CPU.ActiveCfg = Release|Any CPU
		{4C484032-8144-460B-8EE6-4BC7B1525F0E}.Release|Any CPU.Build.0 = Release|Any CPU
	EndGlobalSection
	GlobalSection(SolutionProperties) = preSolution
		HideSolutionNode = FALSE
	EndGlobalSection
	GlobalSection(ExtensibilityGlobals) = postSolution
		SolutionGuid = {A0C2B642-61CA-40F8-A230-820F44F3F2E5}
	EndGlobalSection
EndGlobal
